
Microsoft Visual Studio Solution File, Format Version 12.00
# Visual Studio 15
VisualStudioVersion = 15.0.27703.2047
MinimumVisualStudioVersion = 10.0.40219.1
Project("{FAE04EC0-301F-11D3-BF4B-00C04F79EFBC}") = "CSharp25.10", "CSharp25.10\CSharp25.10.csproj", "{F3819EBF-44C9-4231-AB4F-3B89EF7AE8E1}"
EndProject
Global
	GlobalSection(SolutionConfigurationPlatforms) = preSolution
		Debug|Any CPU = Debug|Any CPU
		Release|Any CPU = Release|Any CPU
	EndGlobalSection
	GlobalSection(ProjectConfigurationPlatforms) = postSolution
		{F3819EBF-44C9-4231-AB4F-3B89EF7AE8E1}.Debug|Any CPU.ActiveCfg = Debug|Any CPU
		{F3819EBF-44C9-4231-AB4F-3B89EF7AE8E1}.Debug|Any CPU.Build.0 = Debug|Any CPU
		{F3819EBF-44C9-4231-AB4F-3B89EF7AE8E1}.Release|Any CPU.ActiveCfg = Release|Any CPU
		{F3819EBF-44C9-4231-AB4F-3B89EF7AE8E1}.Release|Any CPU.Build.0 = Release|Any CPU
	EndGlobalSection
	GlobalSection(SolutionProperties) = preSolution
		HideSolutionNode = FALSE
	EndGlobalSection
	GlobalSection(ExtensibilityGlobals) = postSolution
		SolutionGuid = {6E269A26-9FB8-49BA-B8F9-B5DA6331BA6C}
	EndGlobalSection
EndGlobal
